// !$*UTF8*$!
{
	archiveVersion = 1;
	classes = {
	};
	objectVersion = 46;
	objects = {

/* Begin PBXBuildFile section */
		D21739CB1C7839DE00439042 /* AppDelegate.swift in Sources */ = {isa = PBXBuildFile; fileRef = D21739CA1C7839DE00439042 /* AppDelegate.swift */; };
		D21739CD1C7839DE00439042 /* ViewController.swift in Sources */ = {isa = PBXBuildFile; fileRef = D21739CC1C7839DE00439042 /* ViewController.swift */; };
		D21739D01C7839DE00439042 /* Main.storyboard in Resources */ = {isa = PBXBuildFile; fileRef = D21739CE1C7839DE00439042 /* Main.storyboard */; };
		D21739D21C7839DE00439042 /* Assets.xcassets in Resources */ = {isa = PBXBuildFile; fileRef = D21739D11C7839DE00439042 /* Assets.xcassets */; };
		D21739D51C7839DE00439042 /* LaunchScreen.storyboard in Resources */ = {isa = PBXBuildFile; fileRef = D21739D31C7839DE00439042 /* LaunchScreen.storyboard */; };
		D21739E01C7839DE00439042 /* Travel_MapTests.swift in Sources */ = {isa = PBXBuildFile; fileRef = D21739DF1C7839DE00439042 /* Travel_MapTests.swift */; };
/* End PBXBuildFile section */

/* Begin PBXContainerItemProxy section */
		D21739DC1C7839DE00439042 /* PBXContainerItemProxy */ = {
			isa = PBXContainerItemProxy;
			containerPortal = D21739BF1C7839DE00439042 /* Project object */;
			proxyType = 1;
			remoteGlobalIDString = D21739C61C7839DE00439042;
			remoteInfo = "Travel Map";
		};
/* End PBXContainerItemProxy section */

/* Begin PBXFileReference section */
		D21739C71C7839DE00439042 /* Travel Map.app */ = {isa = PBXFileReference; explicitFileType = wrapper.application; includeInIndex = 0; path = "Travel Map.app"; sourceTree = BUILT_PRODUCTS_DIR; };
		D21739CA1C7839DE00439042 /* AppDelegate.swift */ = {isa = PBXFileReference; lastKnownFileType = sourcecode.swift; path = AppDelegate.swift; sourceTree = "<group>"; };
		D21739CC1C7839DE00439042 /* ViewController.swift */ = {isa = PBXFileReference; lastKnownFileType = sourcecode.swift; path = ViewController.swift; sourceTree = "<group>"; };
		D21739CF1C7839DE00439042 /* Base */ = {isa = PBXFileReference; lastKnownFileType = file.storyboard; name = Base; path = Base.lproj/Main.storyboard; sourceTree = "<group>"; };
		D21739D11C7839DE00439042 /* Assets.xcassets */ = {isa = PBXFileReference; lastKnownFileType = folder.assetcatalog; path = Assets.xcassets; sourceTree = "<group>"; };
		D21739D41C7839DE00439042 /* Base */ = {isa = PBXFileReference; lastKnownFileType = file.storyboard; name = Base; path = Base.lproj/LaunchScreen.storyboard; sourceTree = "<group>"; };
		D21739D61C7839DE00439042 /* Info.plist */ = {isa = PBXFileReference; lastKnownFileType = text.plist.xml; path = Info.plist; sourceTree = "<group>"; };
		D21739DB1C7839DE00439042 /* Travel MapTests.xctest */ = {isa = PBXFileReference; explicitFileType = wrapper.cfbundle; includeInIndex = 0; path = "Travel MapTests.xctest"; sourceTree = BUILT_PRODUCTS_DIR; };
		D21739DF1C7839DE00439042 /* Travel_MapTests.swift */ = {isa = PBXFileReference; lastKnownFileType = sourcecode.swift; path = Travel_MapTests.swift; sourceTree = "<group>"; };
		D21739E11C7839DE00439042 /* Info.plist */ = {isa = PBXFileReference; lastKnownFileType = text.plist.xml; path = Info.plist; sourceTree = "<group>"; };
/* End PBXFileReference section */

/* Begin PBXFrameworksBuildPhase section */
		D21739C41C7839DE00439042 /* Frameworks */ = {
			isa = PBXFrameworksBuildPhase;
			buildActionMask = 2147483647;
			files = (
			);
			runOnlyForDeploymentPostprocessing = 0;
		};
		D21739D81C7839DE00439042 /* Frameworks */ = {
			isa = PBXFrameworksBuildPhase;
			buildActionMask = 2147483647;
			files = (
			);
			runOnlyForDeploymentPostprocessing = 0;
		};
/* End PBXFrameworksBuildPhase section */

/* Begin PBXGroup section */
		D21739BE1C7839DE00439042 = {
			isa = PBXGroup;
			children = (
				D21739C91C7839DE00439042 /* Travel Map */,
				D21739DE1C7839DE00439042 /* Travel MapTests */,
				D21739C81C7839DE00439042 /* Products */,
			);
			sourceTree = "<group>";
		};
		D21739C81C7839DE00439042 /* Products */ = {
			isa = PBXGroup;
			children = (
				D21739C71C7839DE00439042 /* Travel Map.app */,
				D21739DB1C7839DE00439042 /* Travel MapTests.xctest */,
			);
			name = Products;
			sourceTree = "<group>";
		};
		D21739C91C7839DE00439042 /* Travel Map */ = {
			isa = PBXGroup;
			children = (
				D21739CA1C7839DE00439042 /* AppDelegate.swift */,
				D21739CC1C7839DE00439042 /* ViewController.swift */,
				D21739CE1C7839DE00439042 /* Main.storyboard */,
				D21739D11C7839DE00439042 /* Assets.xcassets */,
				D21739D31C7839DE00439042 /* LaunchScreen.storyboard */,
				D21739D61C7839DE00439042 /* Info.plist */,
			);
			path = "Travel Map";
			sourceTree = "<group>";
		};
		D21739DE1C7839DE00439042 /* Travel MapTests */ = {
			isa = PBXGroup;
			children = (
				D21739DF1C7839DE00439042 /* Travel_MapTests.swift */,
				D21739E11C7839DE00439042 /* Info.plist */,
			);
			path = "Travel MapTests";
			sourceTree = "<group>";
		};
/* End PBXGroup section */

/* Begin PBXNativeTarget section */
		D21739C61C7839DE00439042 /* Travel Map */ = {
			isa = PBXNativeTarget;
			buildConfigurationList = D21739E41C7839DE00439042 /* Build configuration list for PBXNativeTarget "Travel Map" */;
			buildPhases = (
				D21739C31C7839DE00439042 /* Sources */,
				D21739C41C7839DE00439042 /* Frameworks */,
				D21739C51C7839DE00439042 /* Resources */,
			);
			buildRules = (
			);
			dependencies = (
			);
			name = "Travel Map";
			productName = "Travel Map";
			productReference = D21739C71C7839DE00439042 /* Travel Map.app */;
			productType = "com.apple.product-type.application";
		};
		D21739DA1C7839DE00439042 /* Travel MapTests */ = {
			isa = PBXNativeTarget;
			buildConfigurationList = D21739E71C7839DE00439042 /* Build configuration list for PBXNativeTarget "Travel MapTests" */;
			buildPhases = (
				D21739D71C7839DE00439042 /* Sources */,
				D21739D81C7839DE00439042 /* Frameworks */,
				D21739D91C7839DE00439042 /* Resources */,
			);
			buildRules = (
			);
			dependencies = (
				D21739DD1C7839DE00439042 /* PBXTargetDependency */,
			);
			name = "Travel MapTests";
			productName = "Travel MapTests";
			productReference = D21739DB1C7839DE00439042 /* Travel MapTests.xctest */;
			productType = "com.apple.product-type.bundle.unit-test";
		};
/* End PBXNativeTarget section */

/* Begin PBXProject section */
		D21739BF1C7839DE00439042 /* Project object */ = {
			isa = PBXProject;
			attributes = {
				LastSwiftUpdateCheck = 0720;
				LastUpgradeCheck = 0720;
				ORGANIZATIONNAME = Liam;
				TargetAttributes = {
					D21739C61C7839DE00439042 = {
						CreatedOnToolsVersion = 7.2;
						DevelopmentTeam = ZU666WZTFP;
					};
					D21739DA1C7839DE00439042 = {
						CreatedOnToolsVersion = 7.2;
						DevelopmentTeam = ZU666WZTFP;
						TestTargetID = D21739C61C7839DE00439042;
					};
				};
			};
			buildConfigurationList = D21739C21C7839DE00439042 /* Build configuration list for PBXProject "Travel Map" */;
			compatibilityVersion = "Xcode 3.2";
			developmentRegion = English;
			hasScannedForEncodings = 0;
			knownRegions = (
				en,
				Base,
			);
			mainGroup = D21739BE1C7839DE00439042;
			productRefGroup = D21739C81C7839DE00439042 /* Products */;
			projectDirPath = "";
			projectRoot = "";
			targets = (
				D21739C61C7839DE00439042 /* Travel Map */,
				D21739DA1C7839DE00439042 /* Travel MapTests */,
			);
		};
/* End PBXProject section */

/* Begin PBXResourcesBuildPhase section */
		D21739C51C7839DE00439042 /* Resources */ = {
			isa = PBXResourcesBuildPhase;
			buildActionMask = 2147483647;
			files = (
				D21739D51C7839DE00439042 /* LaunchScreen.storyboard in Resources */,
				D21739D21C7839DE00439042 /* Assets.xcassets in Resources */,
				D21739D01C7839DE00439042 /* Main.storyboard in Resources */,
			);
			runOnlyForDeploymentPostprocessing = 0;
		};
		D21739D91C7839DE00439042 /* Resources */ = {
			isa = PBXResourcesBuildPhase;
			buildActionMask = 2147483647;
			files = (
			);
			runOnlyForDeploymentPostprocessing = 0;
		};
/* End PBXResourcesBuildPhase section */

/* Begin PBXSourcesBuildPhase section */
		D21739C31C7839DE00439042 /* Sources */ = {
			isa = PBXSourcesBuildPhase;
			buildActionMask = 2147483647;
			files = (
				D21739CD1C7839DE00439042 /* ViewController.swift in Sources */,
				D21739CB1C7839DE00439042 /* AppDelegate.swift in Sources */,
			);
			runOnlyForDeploymentPostprocessing = 0;
		};
		D21739D71C7839DE00439042 /* Sources */ = {
			isa = PBXSourcesBuildPhase;
			buildActionMask = 2147483647;
			files = (
				D21739E01C7839DE00439042 /* Travel_MapTests.swift in Sources */,
			);
			runOnlyForDeploymentPostprocessing = 0;
		};
/* End PBXSourcesBuildPhase section */

/* Begin PBXTargetDependency section */
		D21739DD1C7839DE00439042 /* PBXTargetDependency */ = {
			isa = PBXTargetDependency;
			target = D21739C61C7839DE00439042 /* Travel Map */;
			targetProxy = D21739DC1C7839DE00439042 /* PBXContainerItemProxy */;
		};
/* End PBXTargetDependency section */

/* Begin PBXVariantGroup section */
		D21739CE1C7839DE00439042 /* Main.storyboard */ = {
			isa = PBXVariantGroup;
			children = (
				D21739CF1C7839DE00439042 /* Base */,
			);
			name = Main.storyboard;
			sourceTree = "<group>";
		};
		D21739D31C7839DE00439042 /* LaunchScreen.storyboard */ = {
			isa = PBXVariantGroup;
			children = (
				D21739D41C7839DE00439042 /* Base */,
			);
			name = LaunchScreen.storyboard;
			sourceTree = "<group>";
		};
/* End PBXVariantGroup section */

/* Begin XCBuildConfiguration section */
		D21739E21C7839DE00439042 /* Debug */ = {
			isa = XCBuildConfiguration;
			buildSettings = {
				ALWAYS_SEARCH_USER_PATHS = NO;
				CLANG_CXX_LANGUAGE_STANDARD = "gnu++0x";
				CLANG_CXX_LIBRARY = "libc++";
				CLANG_ENABLE_MODULES = YES;
				CLANG_ENABLE_OBJC_ARC = YES;
				CLANG_WARN_BOOL_CONVERSION = YES;
				CLANG_WARN_CONSTANT_CONVERSION = YES;
				CLANG_WARN_DIRECT_OBJC_ISA_USAGE = YES_ERROR;
				CLANG_WARN_EMPTY_BODY = YES;
				CLANG_WARN_ENUM_CONVERSION = YES;
				CLANG_WARN_INT_CONVERSION = YES;
				CLANG_WARN_OBJC_ROOT_CLASS = YES_ERROR;
				CLANG_WARN_UNREACHABLE_CODE = YES;
				CLANG_WARN__DUPLICATE_METHOD_MATCH = YES;
				"CODE_SIGN_IDENTITY[sdk=iphoneos*]" = "iPhone Developer";
				COPY_PHASE_STRIP = NO;
				DEBUG_INFORMATION_FORMAT = dwarf;
				ENABLE_STRICT_OBJC_MSGSEND = YES;
				ENABLE_TESTABILITY = YES;
				GCC_C_LANGUAGE_STANDARD = gnu99;
				GCC_DYNAMIC_NO_PIC = NO;
				GCC_NO_COMMON_BLOCKS = YES;
				GCC_OPTIMIZATION_LEVEL = 0;
				GCC_PREPROCESSOR_DEFINITIONS = (
					"DEBUG=1",
					"$(inherited)",
				);
				GCC_WARN_64_TO_32_BIT_CONVERSION = YES;
				GCC_WARN_ABOUT_RETURN_TYPE = YES_ERROR;
				GCC_WARN_UNDECLARED_SELECTOR = YES;
				GCC_WARN_UNINITIALIZED_AUTOS = YES_AGGRESSIVE;
				GCC_WARN_UNUSED_FUNCTION = YES;
				GCC_WARN_UNUSED_VARIABLE = YES;
				IPHONEOS_DEPLOYMENT_TARGET = 9.2;
				MTL_ENABLE_DEBUG_INFO = YES;
				ONLY_ACTIVE_ARCH = YES;
				SDKROOT = iphoneos;
				SWIFT_OPTIMIZATION_LEVEL = "-Onone";
				TARGETED_DEVICE_FAMILY = "1,2";
			};
			name = Debug;
		};
		D21739E31C7839DE00439042 /* Release */ = {
			isa = XCBuildConfiguration;
			buildSettings = {
				ALWAYS_SEARCH_USER_PATHS = NO;
				CLANG_CXX_LANGUAGE_STANDARD = "gnu++0x";
				CLANG_CXX_LIBRARY = "libc++";
				CLANG_ENABLE_MODULES = YES;
				CLANG_ENABLE_OBJC_ARC = YES;
				CLANG_WARN_BOOL_CONVERSION = YES;
				CLANG_WARN_CONSTANT_CONVERSION = YES;
				CLANG_WARN_DIRECT_OBJC_ISA_USAGE = YES_ERROR;
				CLANG_WARN_EMPTY_BODY = YES;
				CLANG_WARN_ENUM_CONVERSION = YES;
				CLANG_WARN_INT_CONVERSION = YES;
				CLANG_WARN_OBJC_ROOT_CLASS = YES_ERROR;
				CLANG_WARN_UNREACHABLE_CODE = YES;
				CLANG_WARN__DUPLICATE_METHOD_MATCH = YES;
				"CODE_SIGN_IDENTITY[sdk=iphoneos*]" = "iPhone Developer";
				COPY_PHASE_STRIP = NO;
				DEBUG_INFORMATION_FORMAT = "dwarf-with-dsym";
				ENABLE_NS_ASSERTIONS = NO;
				ENABLE_STRICT_OBJC_MSGSEND = YES;
				GCC_C_LANGUAGE_STANDARD = gnu99;
				GCC_NO_COMMON_BLOCKS = YES;
				GCC_WARN_64_TO_32_BIT_CONVERSION = YES;
				GCC_WARN_ABOUT_RETURN_TYPE = YES_ERROR;
				GCC_WARN_UNDECLARED_SELECTOR = YES;
				GCC_WARN_UNINITIALIZED_AUTOS = YES_AGGRESSIVE;
				GCC_WARN_UNUSED_FUNCTION = YES;
				GCC_WARN_UNUSED_VARIABLE = YES;
				IPHONEOS_DEPLOYMENT_TARGET = 9.2;
				MTL_ENABLE_DEBUG_INFO = NO;
				SDKROOT = iphoneos;
				TARGETED_DEVICE_FAMILY = "1,2";
				VALIDATE_PRODUCT = YES;
			};
			name = Release;
		};
		D21739E51C7839DE00439042 /* Debug */ = {
			isa = XCBuildConfiguration;
			buildSettings = {
				ASSETCATALOG_COMPILER_APPICON_NAME = AppIcon;
				INFOPLIST_FILE = "Travel Map/Info.plist";
				LD_RUNPATH_SEARCH_PATHS = "$(inherited) @executable_path/Frameworks";
				PRODUCT_BUNDLE_IDENTIFIER = "com.Liam.Travel-Map";
				PRODUCT_NAME = "$(TARGET_NAME)";
			};
			name = Debug;
		};
		D21739E61C7839DE00439042 /* Release */ = {
			isa = XCBuildConfiguration;
			buildSettings = {
				ASSETCATALOG_COMPILER_APPICON_NAME = AppIcon;
				INFOPLIST_FILE = "Travel Map/Info.plist";
				LD_RUNPATH_SEARCH_PATHS = "$(inherited) @executable_path/Frameworks";
				PRODUCT_BUNDLE_IDENTIFIER = "com.Liam.Travel-Map";
				PRODUCT_NAME = "$(TARGET_NAME)";
			};
			name = Release;
		};
		D21739E81C7839DE00439042 /* Debug */ = {
			isa = XCBuildConfiguration;
			buildSettings = {
				BUNDLE_LOADER = "$(TEST_HOST)";
				INFOPLIST_FILE = "Travel MapTests/Info.plist";
				LD_RUNPATH_SEARCH_PATHS = "$(inherited) @executable_path/Frameworks @loader_path/Frameworks";
				PRODUCT_BUNDLE_IDENTIFIER = "com.Liam.Travel-MapTests";
				PRODUCT_NAME = "$(TARGET_NAME)";
				TEST_HOST = "$(BUILT_PRODUCTS_DIR)/Travel Map.app/Travel Map";
			};
			name = Debug;
		};
		D21739E91C7839DE00439042 /* Release */ = {
			isa = XCBuildConfiguration;
			buildSettings = {
				BUNDLE_LOADER = "$(TEST_HOST)";
				INFOPLIST_FILE = "Travel MapTests/Info.plist";
				LD_RUNPATH_SEARCH_PATHS = "$(inherited) @executable_path/Frameworks @loader_path/Frameworks";
				PRODUCT_BUNDLE_IDENTIFIER = "com.Liam.Travel-MapTests";
				PRODUCT_NAME = "$(TARGET_NAME)";
				TEST_HOST = "$(BUILT_PRODUCTS_DIR)/Travel Map.app/Travel Map";
			};
			name = Release;
		};
/* End XCBuildConfiguration section */

/* Begin XCConfigurationList section */
		D21739C21C7839DE00439042 /* Build configuration list for PBXProject "Travel Map" */ = {
			isa = XCConfigurationList;
			buildConfigurations = (
				D21739E21C7839DE00439042 /* Debug */,
				D21739E31C7839DE00439042 /* Release */,
			);
			defaultConfigurationIsVisible = 0;
			defaultConfigurationName = Release;
		};
		D21739E41C7839DE00439042 /* Build configuration list for PBXNativeTarget "Travel Map" */ = {
			isa = XCConfigurationList;
			buildConfigurations = (
				D21739E51C7839DE00439042 /* Debug */,
				D21739E61C7839DE00439042 /* Release */,
			);
			defaultConfigurationIsVisible = 0;
		};
		D21739E71C7839DE00439042 /* Build configuration list for PBXNativeTarget "Travel MapTests" */ = {
			isa = XCConfigurationList;
			buildConfigurations = (
				D21739E81C7839DE00439042 /* Debug */,
				D21739E91C7839DE00439042 /* Release */,
			);
			defaultConfigurationIsVisible = 0;
		};
/* End XCConfigurationList section */
	};
	rootObject = D21739BF1C7839DE00439042 /* Project object */;
}
